
Microsoft Visual Studio Solution File, Format Version 12.00
# Visual Studio Version 17
VisualStudioVersion = 17.8.34330.188
MinimumVisualStudioVersion = 10.0.40219.1
Project("{9A19103F-16F7-4668-BE54-9A1E7A4F7556}") = "Stage0", "Stage0\Stage0.csproj", "{8C15FEB1-0B3B-490D-8042-75792DF9429C}"
EndProject
Project("{2150E333-8FDC-42A3-9474-1A3956D46DE8}") = "Solution Items", "Solution Items", "{D59192C4-2340-422C-ADE6-62D8469C559E}"
	ProjectSection(SolutionItems) = preProject
		README.md = README.md
	EndProjectSection
EndProject
Project("{9A19103F-16F7-4668-BE54-9A1E7A4F7556}") = "DalFacade", "DalFacade\DalFacade.csproj", "{3483BD0B-A876-4EC1-9F4D-46DCC84038AA}"
EndProject
Project("{9A19103F-16F7-4668-BE54-9A1E7A4F7556}") = "DalList", "DalList\DalList.csproj", "{495795F9-1DC0-4D29-A849-20834AA0B370}"
EndProject
Project("{9A19103F-16F7-4668-BE54-9A1E7A4F7556}") = "DalTest", "DalTest\DalTest.csproj", "{6B228642-7A24-4F2D-BA09-A7998EFE1E7D}"
EndProject
Project("{9A19103F-16F7-4668-BE54-9A1E7A4F7556}") = "DalXml", "DalXml\DalXml.csproj", "{7EBFFB64-CEC6-4321-A6FD-61BA5F86FCEF}"
EndProject
Project("{2150E333-8FDC-42A3-9474-1A3956D46DE8}") = "xml", "xml", "{F8C50C98-92EA-4709-90D4-A3B9A4FD8904}"
	ProjectSection(SolutionItems) = preProject
		xml\calls.xml = xml\calls.xml
		xml\assignment.xml = xml\assignment.xml
		xml\dal-config.xml = xml\dal-config.xml
		xml\data-config.xml = xml\data-config.xml
		xml\volunteers.xml = xml\volunteers.xml
	EndProjectSection
EndProject
Project("{9A19103F-16F7-4668-BE54-9A1E7A4F7556}") = "BL", "BL\BL.csproj", "{D18B83EC-EF32-4DE0-B8A0-616096DE800A}"
EndProject
Project("{9A19103F-16F7-4668-BE54-9A1E7A4F7556}") = "BlTest", "BlTest\BlTest.csproj", "{E158D261-6F82-4E89-897A-321BC55C99C4}"
EndProject
Global
	GlobalSection(SolutionConfigurationPlatforms) = preSolution
		Debug|Any CPU = Debug|Any CPU
		Release|Any CPU = Release|Any CPU
	EndGlobalSection
	GlobalSection(ProjectConfigurationPlatforms) = postSolution
		{8C15FEB1-0B3B-490D-8042-75792DF9429C}.Debug|Any CPU.ActiveCfg = Debug|Any CPU
		{8C15FEB1-0B3B-490D-8042-75792DF9429C}.Debug|Any CPU.Build.0 = Debug|Any CPU
		{8C15FEB1-0B3B-490D-8042-75792DF9429C}.Release|Any CPU.ActiveCfg = Release|Any CPU
		{8C15FEB1-0B3B-490D-8042-75792DF9429C}.Release|Any CPU.Build.0 = Release|Any CPU
		{3483BD0B-A876-4EC1-9F4D-46DCC84038AA}.Debug|Any CPU.ActiveCfg = Debug|Any CPU
		{3483BD0B-A876-4EC1-9F4D-46DCC84038AA}.Debug|Any CPU.Build.0 = Debug|Any CPU
		{3483BD0B-A876-4EC1-9F4D-46DCC84038AA}.Release|Any CPU.ActiveCfg = Release|Any CPU
		{3483BD0B-A876-4EC1-9F4D-46DCC84038AA}.Release|Any CPU.Build.0 = Release|Any CPU
		{495795F9-1DC0-4D29-A849-20834AA0B370}.Debug|Any CPU.ActiveCfg = Debug|Any CPU
		{495795F9-1DC0-4D29-A849-20834AA0B370}.Debug|Any CPU.Build.0 = Debug|Any CPU
		{495795F9-1DC0-4D29-A849-20834AA0B370}.Release|Any CPU.ActiveCfg = Release|Any CPU
		{495795F9-1DC0-4D29-A849-20834AA0B370}.Release|Any CPU.Build.0 = Release|Any CPU
		{6B228642-7A24-4F2D-BA09-A7998EFE1E7D}.Debug|Any CPU.ActiveCfg = Debug|Any CPU
		{6B228642-7A24-4F2D-BA09-A7998EFE1E7D}.Debug|Any CPU.Build.0 = Debug|Any CPU
		{6B228642-7A24-4F2D-BA09-A7998EFE1E7D}.Release|Any CPU.ActiveCfg = Release|Any CPU
		{6B228642-7A24-4F2D-BA09-A7998EFE1E7D}.Release|Any CPU.Build.0 = Release|Any CPU
		{7EBFFB64-CEC6-4321-A6FD-61BA5F86FCEF}.Debug|Any CPU.ActiveCfg = Debug|Any CPU
		{7EBFFB64-CEC6-4321-A6FD-61BA5F86FCEF}.Debug|Any CPU.Build.0 = Debug|Any CPU
		{7EBFFB64-CEC6-4321-A6FD-61BA5F86FCEF}.Release|Any CPU.ActiveCfg = Release|Any CPU
		{7EBFFB64-CEC6-4321-A6FD-61BA5F86FCEF}.Release|Any CPU.Build.0 = Release|Any CPU
		{D18B83EC-EF32-4DE0-B8A0-616096DE800A}.Debug|Any CPU.ActiveCfg = Debug|Any CPU
		{D18B83EC-EF32-4DE0-B8A0-616096DE800A}.Debug|Any CPU.Build.0 = Debug|Any CPU
		{D18B83EC-EF32-4DE0-B8A0-616096DE800A}.Release|Any CPU.ActiveCfg = Release|Any CPU
		{D18B83EC-EF32-4DE0-B8A0-616096DE800A}.Release|Any CPU.Build.0 = Release|Any CPU
		{E158D261-6F82-4E89-897A-321BC55C99C4}.Debug|Any CPU.ActiveCfg = Debug|Any CPU
		{E158D261-6F82-4E89-897A-321BC55C99C4}.Debug|Any CPU.Build.0 = Debug|Any CPU
		{E158D261-6F82-4E89-897A-321BC55C99C4}.Release|Any CPU.ActiveCfg = Release|Any CPU
		{E158D261-6F82-4E89-897A-321BC55C99C4}.Release|Any CPU.Build.0 = Release|Any CPU
	EndGlobalSection
	GlobalSection(SolutionProperties) = preSolution
		HideSolutionNode = FALSE
	EndGlobalSection
	GlobalSection(NestedProjects) = preSolution
		{3483BD0B-A876-4EC1-9F4D-46DCC84038AA} = {D59192C4-2340-422C-ADE6-62D8469C559E}
		{495795F9-1DC0-4D29-A849-20834AA0B370} = {D59192C4-2340-422C-ADE6-62D8469C559E}
		{6B228642-7A24-4F2D-BA09-A7998EFE1E7D} = {D59192C4-2340-422C-ADE6-62D8469C559E}
		{7EBFFB64-CEC6-4321-A6FD-61BA5F86FCEF} = {D59192C4-2340-422C-ADE6-62D8469C559E}
		{F8C50C98-92EA-4709-90D4-A3B9A4FD8904} = {D59192C4-2340-422C-ADE6-62D8469C559E}
		{D18B83EC-EF32-4DE0-B8A0-616096DE800A} = {D59192C4-2340-422C-ADE6-62D8469C559E}
		{E158D261-6F82-4E89-897A-321BC55C99C4} = {D59192C4-2340-422C-ADE6-62D8469C559E}
	EndGlobalSection
	GlobalSection(ExtensibilityGlobals) = postSolution
		SolutionGuid = {2F064AF7-C055-4C97-90D6-494A1534C273}
	EndGlobalSection
EndGlobal
